
Microsoft Visual Studio Solution File, Format Version 12.00
# Visual Studio Version 17
VisualStudioVersion = 17.10.35013.160
MinimumVisualStudioVersion = 10.0.40219.1
Project("{2150E333-8FDC-42A3-9474-1A3956D46DE8}") = "src", "src", "{030BFBA4-CE4E-45D6-A0E0-BE391D8169B2}"
EndProject
Project("{2150E333-8FDC-42A3-9474-1A3956D46DE8}") = "tests", "tests", "{2CFDA9BF-B435-4C23-9977-87CC114D2545}"
EndProject
Project("{2150E333-8FDC-42A3-9474-1A3956D46DE8}") = "Application", "Application", "{56011C7C-4543-49D0-8CA3-DFC416725B1C}"
EndProject
Project("{2150E333-8FDC-42A3-9474-1A3956D46DE8}") = "Contracts", "Contracts", "{55B7EBE4-81D3-4A77-8A60-503ACCF8A6C9}"
EndProject
Project("{2150E333-8FDC-42A3-9474-1A3956D46DE8}") = "Domain", "Domain", "{FD1F26D6-B6CD-4BE4-B357-3ADFFD4687BF}"
EndProject
Project("{2150E333-8FDC-42A3-9474-1A3956D46DE8}") = "Hosts", "Hosts", "{1F295041-DB59-4721-B216-DB9D9D92CE2B}"
EndProject
Project("{2150E333-8FDC-42A3-9474-1A3956D46DE8}") = "Infrastructure", "Infrastructure", "{E924BB7C-590D-47DE-AB31-CE2F8789B68A}"
EndProject
Project("{9A19103F-16F7-4668-BE54-9A1E7A4F7556}") = "MarketPlace", "src\Hosts\MarketPlace\MarketPlace.csproj", "{277CA384-4D3F-4093-ACAE-F9079953B50F}"
EndProject
Project("{9A19103F-16F7-4668-BE54-9A1E7A4F7556}") = "MarketPlace.Appservices", "src\Application\MarketPlace.Appservices\MarketPlace.Appservices.csproj", "{F04BFC93-E5A8-485C-A4BD-17C0B592FD42}"
EndProject
Project("{9A19103F-16F7-4668-BE54-9A1E7A4F7556}") = "MarketPlace.Contracts", "src\Contracts\MarketPlace.Contracts\MarketPlace.Contracts.csproj", "{6DCB2FF2-F64C-4AC4-B635-F0FFF2829019}"
EndProject
Project("{9A19103F-16F7-4668-BE54-9A1E7A4F7556}") = "MarketPlace.Domain", "src\Domain\MarketPlace.Domain\MarketPlace.Domain.csproj", "{AFA881D6-14A9-41B4-86F7-3D5F9C0183B8}"
EndProject
Project("{9A19103F-16F7-4668-BE54-9A1E7A4F7556}") = "MarketPlace.DbMigrator", "src\Hosts\MarketPlace.DbMigrator\MarketPlace.DbMigrator.csproj", "{2ECFC874-A120-4B9A-A450-5379CEE25FE0}"
EndProject
Project("{9A19103F-16F7-4668-BE54-9A1E7A4F7556}") = "MarketPlace.ComponentRegistrator", "src\Infrastructure\MarketPlace.ComponentRegistrator\MarketPlace.ComponentRegistrator.csproj", "{1D187FFA-465A-4527-897B-8E5D1C1F01B9}"
EndProject
Project("{9A19103F-16F7-4668-BE54-9A1E7A4F7556}") = "MarketPlace.DataAccess", "src\Infrastructure\MarketPlace.DataAccess\MarketPlace.DataAccess.csproj", "{7E35A7AB-F086-43D9-9628-7C9A31D6E118}"
EndProject
Project("{9A19103F-16F7-4668-BE54-9A1E7A4F7556}") = "MarketPlace.Infrastructure", "src\Infrastructure\MarketPlace.Infrastructure\MarketPlace.Infrastructure.csproj", "{BB8F156D-8AB8-419A-84EC-75EEE12E000F}"
EndProject
Global
	GlobalSection(SolutionConfigurationPlatforms) = preSolution
		Debug|Any CPU = Debug|Any CPU
		Release|Any CPU = Release|Any CPU
	EndGlobalSection
	GlobalSection(ProjectConfigurationPlatforms) = postSolution
		{277CA384-4D3F-4093-ACAE-F9079953B50F}.Debug|Any CPU.ActiveCfg = Debug|Any CPU
		{277CA384-4D3F-4093-ACAE-F9079953B50F}.Debug|Any CPU.Build.0 = Debug|Any CPU
		{277CA384-4D3F-4093-ACAE-F9079953B50F}.Release|Any CPU.ActiveCfg = Release|Any CPU
		{277CA384-4D3F-4093-ACAE-F9079953B50F}.Release|Any CPU.Build.0 = Release|Any CPU
		{F04BFC93-E5A8-485C-A4BD-17C0B592FD42}.Debug|Any CPU.ActiveCfg = Debug|Any CPU
		{F04BFC93-E5A8-485C-A4BD-17C0B592FD42}.Debug|Any CPU.Build.0 = Debug|Any CPU
		{F04BFC93-E5A8-485C-A4BD-17C0B592FD42}.Release|Any CPU.ActiveCfg = Release|Any CPU
		{F04BFC93-E5A8-485C-A4BD-17C0B592FD42}.Release|Any CPU.Build.0 = Release|Any CPU
		{6DCB2FF2-F64C-4AC4-B635-F0FFF2829019}.Debug|Any CPU.ActiveCfg = Debug|Any CPU
		{6DCB2FF2-F64C-4AC4-B635-F0FFF2829019}.Debug|Any CPU.Build.0 = Debug|Any CPU
		{6DCB2FF2-F64C-4AC4-B635-F0FFF2829019}.Release|Any CPU.ActiveCfg = Release|Any CPU
		{6DCB2FF2-F64C-4AC4-B635-F0FFF2829019}.Release|Any CPU.Build.0 = Release|Any CPU
		{AFA881D6-14A9-41B4-86F7-3D5F9C0183B8}.Debug|Any CPU.ActiveCfg = Debug|Any CPU
		{AFA881D6-14A9-41B4-86F7-3D5F9C0183B8}.Debug|Any CPU.Build.0 = Debug|Any CPU
		{AFA881D6-14A9-41B4-86F7-3D5F9C0183B8}.Release|Any CPU.ActiveCfg = Release|Any CPU
		{AFA881D6-14A9-41B4-86F7-3D5F9C0183B8}.Release|Any CPU.Build.0 = Release|Any CPU
		{2ECFC874-A120-4B9A-A450-5379CEE25FE0}.Debug|Any CPU.ActiveCfg = Debug|Any CPU
		{2ECFC874-A120-4B9A-A450-5379CEE25FE0}.Debug|Any CPU.Build.0 = Debug|Any CPU
		{2ECFC874-A120-4B9A-A450-5379CEE25FE0}.Release|Any CPU.ActiveCfg = Release|Any CPU
		{2ECFC874-A120-4B9A-A450-5379CEE25FE0}.Release|Any CPU.Build.0 = Release|Any CPU
		{1D187FFA-465A-4527-897B-8E5D1C1F01B9}.Debug|Any CPU.ActiveCfg = Debug|Any CPU
		{1D187FFA-465A-4527-897B-8E5D1C1F01B9}.Debug|Any CPU.Build.0 = Debug|Any CPU
		{1D187FFA-465A-4527-897B-8E5D1C1F01B9}.Release|Any CPU.ActiveCfg = Release|Any CPU
		{1D187FFA-465A-4527-897B-8E5D1C1F01B9}.Release|Any CPU.Build.0 = Release|Any CPU
		{7E35A7AB-F086-43D9-9628-7C9A31D6E118}.Debug|Any CPU.ActiveCfg = Debug|Any CPU
		{7E35A7AB-F086-43D9-9628-7C9A31D6E118}.Debug|Any CPU.Build.0 = Debug|Any CPU
		{7E35A7AB-F086-43D9-9628-7C9A31D6E118}.Release|Any CPU.ActiveCfg = Release|Any CPU
		{7E35A7AB-F086-43D9-9628-7C9A31D6E118}.Release|Any CPU.Build.0 = Release|Any CPU
		{BB8F156D-8AB8-419A-84EC-75EEE12E000F}.Debug|Any CPU.ActiveCfg = Debug|Any CPU
		{BB8F156D-8AB8-419A-84EC-75EEE12E000F}.Debug|Any CPU.Build.0 = Debug|Any CPU
		{BB8F156D-8AB8-419A-84EC-75EEE12E000F}.Release|Any CPU.ActiveCfg = Release|Any CPU
		{BB8F156D-8AB8-419A-84EC-75EEE12E000F}.Release|Any CPU.Build.0 = Release|Any CPU
	EndGlobalSection
	GlobalSection(SolutionProperties) = preSolution
		HideSolutionNode = FALSE
	EndGlobalSection
	GlobalSection(NestedProjects) = preSolution
		{56011C7C-4543-49D0-8CA3-DFC416725B1C} = {030BFBA4-CE4E-45D6-A0E0-BE391D8169B2}
		{55B7EBE4-81D3-4A77-8A60-503ACCF8A6C9} = {030BFBA4-CE4E-45D6-A0E0-BE391D8169B2}
		{FD1F26D6-B6CD-4BE4-B357-3ADFFD4687BF} = {030BFBA4-CE4E-45D6-A0E0-BE391D8169B2}
		{1F295041-DB59-4721-B216-DB9D9D92CE2B} = {030BFBA4-CE4E-45D6-A0E0-BE391D8169B2}
		{E924BB7C-590D-47DE-AB31-CE2F8789B68A} = {030BFBA4-CE4E-45D6-A0E0-BE391D8169B2}
		{277CA384-4D3F-4093-ACAE-F9079953B50F} = {1F295041-DB59-4721-B216-DB9D9D92CE2B}
		{F04BFC93-E5A8-485C-A4BD-17C0B592FD42} = {56011C7C-4543-49D0-8CA3-DFC416725B1C}
		{6DCB2FF2-F64C-4AC4-B635-F0FFF2829019} = {55B7EBE4-81D3-4A77-8A60-503ACCF8A6C9}
		{AFA881D6-14A9-41B4-86F7-3D5F9C0183B8} = {FD1F26D6-B6CD-4BE4-B357-3ADFFD4687BF}
		{2ECFC874-A120-4B9A-A450-5379CEE25FE0} = {1F295041-DB59-4721-B216-DB9D9D92CE2B}
		{1D187FFA-465A-4527-897B-8E5D1C1F01B9} = {E924BB7C-590D-47DE-AB31-CE2F8789B68A}
		{7E35A7AB-F086-43D9-9628-7C9A31D6E118} = {E924BB7C-590D-47DE-AB31-CE2F8789B68A}
		{BB8F156D-8AB8-419A-84EC-75EEE12E000F} = {E924BB7C-590D-47DE-AB31-CE2F8789B68A}
	EndGlobalSection
	GlobalSection(ExtensibilityGlobals) = postSolution
		SolutionGuid = {BE0F7744-3AC3-4CD8-B5E2-EA91BEEC2689}
	EndGlobalSection
EndGlobal
